
Microsoft Visual Studio Solution File, Format Version 12.00
# Visual Studio 14
VisualStudioVersion = 14.0.25123.0
MinimumVisualStudioVersion = 10.0.40219.1
Project("{E0E05E1B-F1C5-4883-A3ED-9CED8D79674E}") = "Sitecore.Support.10690", "Sitecore.Support.10690\Sitecore.Support.10690.csproj", "{F6F95895-17AC-4F43-9ABE-B1A876E426D6}"
EndProject
Global
	GlobalSection(SolutionConfigurationPlatforms) = preSolution
		Debug|Any CPU = Debug|Any CPU
		Release|Any CPU = Release|Any CPU
	EndGlobalSection
	GlobalSection(ProjectConfigurationPlatforms) = postSolution
		{F6F95895-17AC-4F43-9ABE-B1A876E426D6}.Debug|Any CPU.ActiveCfg = Debug|Any CPU
		{F6F95895-17AC-4F43-9ABE-B1A876E426D6}.Debug|Any CPU.Build.0 = Debug|Any CPU
		{F6F95895-17AC-4F43-9ABE-B1A876E426D6}.Release|Any CPU.ActiveCfg = Release|Any CPU
		{F6F95895-17AC-4F43-9ABE-B1A876E426D6}.Release|Any CPU.Build.0 = Release|Any CPU
	EndGlobalSection
	GlobalSection(SolutionProperties) = preSolution
		HideSolutionNode = FALSE
	EndGlobalSection
EndGlobal
